
Microsoft Visual Studio Solution File, Format Version 12.00
# Visual Studio Version 16
VisualStudioVersion = 16.0.31702.278
MinimumVisualStudioVersion = 10.0.40219.1
Project("{FAE04EC0-301F-11D3-BF4B-00C04F79EFBC}") = "Application", "CleanArchitecture\src\Application\Application.csproj", "{14A10FD7-7C57-4312-A0F4-A85E2862B02D}"
EndProject
Project("{FAE04EC0-301F-11D3-BF4B-00C04F79EFBC}") = "Domain", "CleanArchitecture\src\Domain\Domain.csproj", "{B046630A-7ABE-4164-AF58-96FDF01DD0E3}"
EndProject
Project("{FAE04EC0-301F-11D3-BF4B-00C04F79EFBC}") = "Infrastructure", "CleanArchitecture\src\Infrastructure\Infrastructure.csproj", "{F4EA4D92-4B6B-46A8-B027-D752A99DEE4D}"
EndProject
Project("{FAE04EC0-301F-11D3-BF4B-00C04F79EFBC}") = "WebUI", "CleanArchitecture\src\WebUI\WebUI.csproj", "{6BCE2CE4-AAE7-488E-B1A3-3B59F485551D}"
EndProject
Project("{FAE04EC0-301F-11D3-BF4B-00C04F79EFBC}") = "Application.IntegrationTests", "CleanArchitecture\tests\Application.IntegrationTests\Application.IntegrationTests.csproj", "{C28D70E2-E795-4EF4-9BEC-6E3BEEA70D55}"
EndProject
Project("{FAE04EC0-301F-11D3-BF4B-00C04F79EFBC}") = "Application.UnitTests", "CleanArchitecture\tests\Application.UnitTests\Application.UnitTests.csproj", "{F1AF0FFB-79F0-45F2-A96A-8A2616E3A834}"
EndProject
Project("{FAE04EC0-301F-11D3-BF4B-00C04F79EFBC}") = "Domain.UnitTests", "CleanArchitecture\tests\Domain.UnitTests\Domain.UnitTests.csproj", "{8CB13A93-DD58-45E3-998E-9E83C40BC0F4}"
EndProject
Global
	GlobalSection(SolutionConfigurationPlatforms) = preSolution
		Debug|Any CPU = Debug|Any CPU
		Release|Any CPU = Release|Any CPU
	EndGlobalSection
	GlobalSection(ProjectConfigurationPlatforms) = postSolution
		{14A10FD7-7C57-4312-A0F4-A85E2862B02D}.Debug|Any CPU.ActiveCfg = Debug|Any CPU
		{14A10FD7-7C57-4312-A0F4-A85E2862B02D}.Debug|Any CPU.Build.0 = Debug|Any CPU
		{14A10FD7-7C57-4312-A0F4-A85E2862B02D}.Release|Any CPU.ActiveCfg = Release|Any CPU
		{14A10FD7-7C57-4312-A0F4-A85E2862B02D}.Release|Any CPU.Build.0 = Release|Any CPU
		{B046630A-7ABE-4164-AF58-96FDF01DD0E3}.Debug|Any CPU.ActiveCfg = Debug|Any CPU
		{B046630A-7ABE-4164-AF58-96FDF01DD0E3}.Debug|Any CPU.Build.0 = Debug|Any CPU
		{B046630A-7ABE-4164-AF58-96FDF01DD0E3}.Release|Any CPU.ActiveCfg = Release|Any CPU
		{B046630A-7ABE-4164-AF58-96FDF01DD0E3}.Release|Any CPU.Build.0 = Release|Any CPU
		{F4EA4D92-4B6B-46A8-B027-D752A99DEE4D}.Debug|Any CPU.ActiveCfg = Debug|Any CPU
		{F4EA4D92-4B6B-46A8-B027-D752A99DEE4D}.Debug|Any CPU.Build.0 = Debug|Any CPU
		{F4EA4D92-4B6B-46A8-B027-D752A99DEE4D}.Release|Any CPU.ActiveCfg = Release|Any CPU
		{F4EA4D92-4B6B-46A8-B027-D752A99DEE4D}.Release|Any CPU.Build.0 = Release|Any CPU
		{6BCE2CE4-AAE7-488E-B1A3-3B59F485551D}.Debug|Any CPU.ActiveCfg = Debug|Any CPU
		{6BCE2CE4-AAE7-488E-B1A3-3B59F485551D}.Debug|Any CPU.Build.0 = Debug|Any CPU
		{6BCE2CE4-AAE7-488E-B1A3-3B59F485551D}.Release|Any CPU.ActiveCfg = Release|Any CPU
		{6BCE2CE4-AAE7-488E-B1A3-3B59F485551D}.Release|Any CPU.Build.0 = Release|Any CPU
		{C28D70E2-E795-4EF4-9BEC-6E3BEEA70D55}.Debug|Any CPU.ActiveCfg = Debug|Any CPU
		{C28D70E2-E795-4EF4-9BEC-6E3BEEA70D55}.Debug|Any CPU.Build.0 = Debug|Any CPU
		{C28D70E2-E795-4EF4-9BEC-6E3BEEA70D55}.Release|Any CPU.ActiveCfg = Release|Any CPU
		{C28D70E2-E795-4EF4-9BEC-6E3BEEA70D55}.Release|Any CPU.Build.0 = Release|Any CPU
		{F1AF0FFB-79F0-45F2-A96A-8A2616E3A834}.Debug|Any CPU.ActiveCfg = Debug|Any CPU
		{F1AF0FFB-79F0-45F2-A96A-8A2616E3A834}.Debug|Any CPU.Build.0 = Debug|Any CPU
		{F1AF0FFB-79F0-45F2-A96A-8A2616E3A834}.Release|Any CPU.ActiveCfg = Release|Any CPU
		{F1AF0FFB-79F0-45F2-A96A-8A2616E3A834}.Release|Any CPU.Build.0 = Release|Any CPU
		{8CB13A93-DD58-45E3-998E-9E83C40BC0F4}.Debug|Any CPU.ActiveCfg = Debug|Any CPU
		{8CB13A93-DD58-45E3-998E-9E83C40BC0F4}.Debug|Any CPU.Build.0 = Debug|Any CPU
		{8CB13A93-DD58-45E3-998E-9E83C40BC0F4}.Release|Any CPU.ActiveCfg = Release|Any CPU
		{8CB13A93-DD58-45E3-998E-9E83C40BC0F4}.Release|Any CPU.Build.0 = Release|Any CPU
	EndGlobalSection
	GlobalSection(SolutionProperties) = preSolution
		HideSolutionNode = FALSE
	EndGlobalSection
	GlobalSection(ExtensibilityGlobals) = postSolution
		SolutionGuid = {2F6A7076-5B40-43F6-AE48-50AD8B457BCE}
	EndGlobalSection
EndGlobal
